// !$*UTF8*$!
{
	archiveVersion = 1;
	classes = {
	};
	objectVersion = 55;
	objects = {

/* Begin PBXBuildFile section */
		FA0F140826941B0400B962E5 /* GenerativeArtApp.swift in Sources */ = {isa = PBXBuildFile; fileRef = FA0F140726941B0400B962E5 /* GenerativeArtApp.swift */; };
		FA0F140C26941B0500B962E5 /* Assets.xcassets in Resources */ = {isa = PBXBuildFile; fileRef = FA0F140B26941B0500B962E5 /* Assets.xcassets */; };
		FA0F140F26941B0500B962E5 /* Preview Assets.xcassets in Resources */ = {isa = PBXBuildFile; fileRef = FA0F140E26941B0500B962E5 /* Preview Assets.xcassets */; };
		FA0F141626941B1400B962E5 /* MySketchesMenu.swift in Sources */ = {isa = PBXBuildFile; fileRef = FA0F141526941B1400B962E5 /* MySketchesMenu.swift */; };
		FA0F141826941B6B00B962E5 /* AcrossShapes.swift in Sources */ = {isa = PBXBuildFile; fileRef = FA0F141726941B6B00B962E5 /* AcrossShapes.swift */; };
		FA0F141B269421DE00B962E5 /* AcrossComplementaryShapes.swift in Sources */ = {isa = PBXBuildFile; fileRef = FA0F141A269421DE00B962E5 /* AcrossComplementaryShapes.swift */; };
		FA0F141D26942BF100B962E5 /* PerlinAcrossShapes.swift in Sources */ = {isa = PBXBuildFile; fileRef = FA0F141C26942BF100B962E5 /* PerlinAcrossShapes.swift */; };
		FA1C1D69269EA822002BF120 /* RGBInterpolation.swift in Sources */ = {isa = PBXBuildFile; fileRef = FA1C1D68269EA822002BF120 /* RGBInterpolation.swift */; };
		FA28466126C0219D00B39336 /* RotatingRects.swift in Sources */ = {isa = PBXBuildFile; fileRef = FA28466026C0219D00B39336 /* RotatingRects.swift */; };
		FA28CB5426A4AEC2000E1E63 /* AnimatedAcrossShapes.swift in Sources */ = {isa = PBXBuildFile; fileRef = FA28CB5326A4AEC2000E1E63 /* AnimatedAcrossShapes.swift */; };
		FA3920C426AF4F5C004157B6 /* MovementGrid.swift in Sources */ = {isa = PBXBuildFile; fileRef = FA3920C326AF4F5C004157B6 /* MovementGrid.swift */; };
		FA3920CE26AFA3F4004157B6 /* MovementGridUnder.swift in Sources */ = {isa = PBXBuildFile; fileRef = FA3920CD26AFA3F4004157B6 /* MovementGridUnder.swift */; };
		FA3920D126AFAD21004157B6 /* ArbitraryRandomNumberGenerator.swift in Sources */ = {isa = PBXBuildFile; fileRef = FA3920D026AFAD21004157B6 /* ArbitraryRandomNumberGenerator.swift */; };
		FA3BD5DA26AB17160050DA92 /* AlignmentGrid.swift in Sources */ = {isa = PBXBuildFile; fileRef = FA3BD5D926AB17160050DA92 /* AlignmentGrid.swift */; };
		FA3FF8EF26ADDF4D007336D5 /* RotatingGrid.swift in Sources */ = {isa = PBXBuildFile; fileRef = FA3FF8EE26ADDF4D007336D5 /* RotatingGrid.swift */; };
		FA4494A42694CF9300892772 /* MainMenu.swift in Sources */ = {isa = PBXBuildFile; fileRef = FA4494A32694CF9300892772 /* MainMenu.swift */; };
		FA4494A62694CFFE00892772 /* GenerativeDesignBookMenu.swift in Sources */ = {isa = PBXBuildFile; fileRef = FA4494A52694CFFE00892772 /* GenerativeDesignBookMenu.swift */; };
		FA4494A92694D01800892772 /* MenuItem.swift in Sources */ = {isa = PBXBuildFile; fileRef = FA4494A82694D01800892772 /* MenuItem.swift */; };
		FA456C1526BC620F0063DD6B /* CameraController.swift in Sources */ = {isa = PBXBuildFile; fileRef = FA456C1426BC620F0063DD6B /* CameraController.swift */; };
		FA64F09F26A251BC007D3D31 /* ColorFromImages.swift in Sources */ = {isa = PBXBuildFile; fileRef = FA64F09E26A251BB007D3D31 /* ColorFromImages.swift */; };
		FA64F0A126A26248007D3D31 /* ColorFromCamera.swift in Sources */ = {isa = PBXBuildFile; fileRef = FA64F0A026A26248007D3D31 /* ColorFromCamera.swift */; };
		FA68490C26A5197400EA8A0F /* ColorRules.swift in Sources */ = {isa = PBXBuildFile; fileRef = FA68490B26A5197400EA8A0F /* ColorRules.swift */; };
		FA6A610126B10D21001D1493 /* RadGrid.swift in Sources */ = {isa = PBXBuildFile; fileRef = FA6A610026B10D21001D1493 /* RadGrid.swift */; };
		FA76C33B26A699E800068735 /* ColorRulesTransparent.swift in Sources */ = {isa = PBXBuildFile; fileRef = FA76C33A26A699E800068735 /* ColorRulesTransparent.swift */; };
		FA7A4E4126B2847200833D83 /* Quadrilaterals.swift in Sources */ = {isa = PBXBuildFile; fileRef = FA7A4E4026B2847200833D83 /* Quadrilaterals.swift */; };
		FA8C8609269BCA260008AFB1 /* HelloColor.swift in Sources */ = {isa = PBXBuildFile; fileRef = FA8C8608269BCA260008AFB1 /* HelloColor.swift */; };
		FA8C860B269BD5030008AFB1 /* ColorSpectrumGrid.swift in Sources */ = {isa = PBXBuildFile; fileRef = FA8C860A269BD5030008AFB1 /* ColorSpectrumGrid.swift */; };
		FA8C860D269BE5D70008AFB1 /* Extensions.swift in Sources */ = {isa = PBXBuildFile; fileRef = FA8C860C269BE5D70008AFB1 /* Extensions.swift */; };
		FA8C8610269BE8430008AFB1 /* ColorSpectrumCircle.swift in Sources */ = {isa = PBXBuildFile; fileRef = FA8C860F269BE8430008AFB1 /* ColorSpectrumCircle.swift */; };
		FAA30F8726A7CCC200F1F3E7 /* ColorRulesDropout.swift in Sources */ = {isa = PBXBuildFile; fileRef = FAA30F8626A7CCC200F1F3E7 /* ColorRulesDropout.swift */; };
		FAA30F8A26A7E25100F1F3E7 /* HelloShape.swift in Sources */ = {isa = PBXBuildFile; fileRef = FAA30F8926A7E25100F1F3E7 /* HelloShape.swift */; };
		FAA8FDA826ABBCC30000D195 /* AlignmentGridColor.swift in Sources */ = {isa = PBXBuildFile; fileRef = FAA8FDA726ABBCC30000D195 /* AlignmentGridColor.swift */; };
		FAA8FDAA26ABC15D0000D195 /* AlignmentGridSymbols.swift in Sources */ = {isa = PBXBuildFile; fileRef = FAA8FDA926ABC15D0000D195 /* AlignmentGridSymbols.swift */; };
		FAAF564426B5CB6D0086D6FD /* LineModules.swift in Sources */ = {isa = PBXBuildFile; fileRef = FAAF564326B5CB6D0086D6FD /* LineModules.swift */; };
		FAAF564A26B63C150086D6FD /* DiamondModules.swift in Sources */ = {isa = PBXBuildFile; fileRef = FAAF564926B63C150086D6FD /* DiamondModules.swift */; };
		FAAF56A226B70F3F0086D6FD /* CorridorModules.swift in Sources */ = {isa = PBXBuildFile; fileRef = FAAF56A126B70F3F0086D6FD /* CorridorModules.swift */; };
		FAAF574B26B7242000927D76 /* LinesFromCamera.swift in Sources */ = {isa = PBXBuildFile; fileRef = FAAF574A26B7242000927D76 /* LinesFromCamera.swift */; };
		FAB0987326BE450F00A06983 /* DarkeningCircles.swift in Sources */ = {isa = PBXBuildFile; fileRef = FAB0987226BE450E00A06983 /* DarkeningCircles.swift */; };
		FAB25CC226B3B44C00314CAD /* Sketch.swift in Sources */ = {isa = PBXBuildFile; fileRef = FAB25CC126B3B44C00314CAD /* Sketch.swift */; };
		FAB25CC426B3B47900314CAD /* NatureOfCodeMenu.swift in Sources */ = {isa = PBXBuildFile; fileRef = FAB25CC326B3B47900314CAD /* NatureOfCodeMenu.swift */; };
		FAE3D88D269D3CD500170749 /* ColorPaletteInterpolation.swift in Sources */ = {isa = PBXBuildFile; fileRef = FAE3D88C269D3CD500170749 /* ColorPaletteInterpolation.swift */; };
		FAEC623626B33A7700A40023 /* ComplexModules.swift in Sources */ = {isa = PBXBuildFile; fileRef = FAEC623526B33A7700A40023 /* ComplexModules.swift */; };
/* End PBXBuildFile section */

/* Begin PBXFileReference section */
		FA0F140426941B0400B962E5 /* GenerativeArt.app */ = {isa = PBXFileReference; explicitFileType = wrapper.application; includeInIndex = 0; path = GenerativeArt.app; sourceTree = BUILT_PRODUCTS_DIR; };
		FA0F140726941B0400B962E5 /* GenerativeArtApp.swift */ = {isa = PBXFileReference; lastKnownFileType = sourcecode.swift; path = GenerativeArtApp.swift; sourceTree = "<group>"; };
		FA0F140B26941B0500B962E5 /* Assets.xcassets */ = {isa = PBXFileReference; lastKnownFileType = folder.assetcatalog; path = Assets.xcassets; sourceTree = "<group>"; };
		FA0F140E26941B0500B962E5 /* Preview Assets.xcassets */ = {isa = PBXFileReference; lastKnownFileType = folder.assetcatalog; path = "Preview Assets.xcassets"; sourceTree = "<group>"; };
		FA0F141526941B1400B962E5 /* MySketchesMenu.swift */ = {isa = PBXFileReference; lastKnownFileType = sourcecode.swift; path = MySketchesMenu.swift; sourceTree = "<group>"; };
		FA0F141726941B6B00B962E5 /* AcrossShapes.swift */ = {isa = PBXFileReference; lastKnownFileType = sourcecode.swift; path = AcrossShapes.swift; sourceTree = "<group>"; };
		FA0F141A269421DE00B962E5 /* AcrossComplementaryShapes.swift */ = {isa = PBXFileReference; lastKnownFileType = sourcecode.swift; path = AcrossComplementaryShapes.swift; sourceTree = "<group>"; };
		FA0F141C26942BF100B962E5 /* PerlinAcrossShapes.swift */ = {isa = PBXFileReference; lastKnownFileType = sourcecode.swift; path = PerlinAcrossShapes.swift; sourceTree = "<group>"; };
		FA1C1D68269EA822002BF120 /* RGBInterpolation.swift */ = {isa = PBXFileReference; lastKnownFileType = sourcecode.swift; path = RGBInterpolation.swift; sourceTree = "<group>"; };
		FA28466026C0219D00B39336 /* RotatingRects.swift */ = {isa = PBXFileReference; lastKnownFileType = sourcecode.swift; path = RotatingRects.swift; sourceTree = "<group>"; };
		FA28CB5326A4AEC2000E1E63 /* AnimatedAcrossShapes.swift */ = {isa = PBXFileReference; lastKnownFileType = sourcecode.swift; path = AnimatedAcrossShapes.swift; sourceTree = "<group>"; };
		FA3920C326AF4F5C004157B6 /* MovementGrid.swift */ = {isa = PBXFileReference; lastKnownFileType = sourcecode.swift; path = MovementGrid.swift; sourceTree = "<group>"; };
		FA3920CD26AFA3F4004157B6 /* MovementGridUnder.swift */ = {isa = PBXFileReference; lastKnownFileType = sourcecode.swift; path = MovementGridUnder.swift; sourceTree = "<group>"; };
		FA3920D026AFAD21004157B6 /* ArbitraryRandomNumberGenerator.swift */ = {isa = PBXFileReference; lastKnownFileType = sourcecode.swift; path = ArbitraryRandomNumberGenerator.swift; sourceTree = "<group>"; };
		FA3BD5D926AB17160050DA92 /* AlignmentGrid.swift */ = {isa = PBXFileReference; lastKnownFileType = sourcecode.swift; path = AlignmentGrid.swift; sourceTree = "<group>"; };
		FA3FF8EE26ADDF4D007336D5 /* RotatingGrid.swift */ = {isa = PBXFileReference; lastKnownFileType = sourcecode.swift; path = RotatingGrid.swift; sourceTree = "<group>"; };
		FA4494A32694CF9300892772 /* MainMenu.swift */ = {isa = PBXFileReference; lastKnownFileType = sourcecode.swift; path = MainMenu.swift; sourceTree = "<group>"; };
		FA4494A52694CFFE00892772 /* GenerativeDesignBookMenu.swift */ = {isa = PBXFileReference; lastKnownFileType = sourcecode.swift; path = GenerativeDesignBookMenu.swift; sourceTree = "<group>"; };
		FA4494A82694D01800892772 /* MenuItem.swift */ = {isa = PBXFileReference; lastKnownFileType = sourcecode.swift; path = MenuItem.swift; sourceTree = "<group>"; };
		FA456C1426BC620F0063DD6B /* CameraController.swift */ = {isa = PBXFileReference; lastKnownFileType = sourcecode.swift; path = CameraController.swift; sourceTree = "<group>"; };
		FA64F09E26A251BB007D3D31 /* ColorFromImages.swift */ = {isa = PBXFileReference; lastKnownFileType = sourcecode.swift; path = ColorFromImages.swift; sourceTree = "<group>"; };
		FA64F0A026A26248007D3D31 /* ColorFromCamera.swift */ = {isa = PBXFileReference; lastKnownFileType = sourcecode.swift; path = ColorFromCamera.swift; sourceTree = "<group>"; };
		FA64F0A226A27B61007D3D31 /* Info.plist */ = {isa = PBXFileReference; lastKnownFileType = text.plist; path = Info.plist; sourceTree = "<group>"; };
		FA68490B26A5197400EA8A0F /* ColorRules.swift */ = {isa = PBXFileReference; lastKnownFileType = sourcecode.swift; path = ColorRules.swift; sourceTree = "<group>"; };
		FA68490D26A5D87F00EA8A0F /* GenerativeArt.entitlements */ = {isa = PBXFileReference; lastKnownFileType = text.plist.entitlements; path = GenerativeArt.entitlements; sourceTree = "<group>"; };
		FA6A610026B10D21001D1493 /* RadGrid.swift */ = {isa = PBXFileReference; lastKnownFileType = sourcecode.swift; path = RadGrid.swift; sourceTree = "<group>"; };
		FA76C33A26A699E800068735 /* ColorRulesTransparent.swift */ = {isa = PBXFileReference; lastKnownFileType = sourcecode.swift; path = ColorRulesTransparent.swift; sourceTree = "<group>"; };
		FA7A4E4026B2847200833D83 /* Quadrilaterals.swift */ = {isa = PBXFileReference; lastKnownFileType = sourcecode.swift; path = Quadrilaterals.swift; sourceTree = "<group>"; };
		FA8C8608269BCA260008AFB1 /* HelloColor.swift */ = {isa = PBXFileReference; lastKnownFileType = sourcecode.swift; path = HelloColor.swift; sourceTree = "<group>"; };
		FA8C860A269BD5030008AFB1 /* ColorSpectrumGrid.swift */ = {isa = PBXFileReference; lastKnownFileType = sourcecode.swift; path = ColorSpectrumGrid.swift; sourceTree = "<group>"; };
		FA8C860C269BE5D70008AFB1 /* Extensions.swift */ = {isa = PBXFileReference; lastKnownFileType = sourcecode.swift; path = Extensions.swift; sourceTree = "<group>"; };
		FA8C860F269BE8430008AFB1 /* ColorSpectrumCircle.swift */ = {isa = PBXFileReference; lastKnownFileType = sourcecode.swift; path = ColorSpectrumCircle.swift; sourceTree = "<group>"; };
		FAA30F8626A7CCC200F1F3E7 /* ColorRulesDropout.swift */ = {isa = PBXFileReference; lastKnownFileType = sourcecode.swift; path = ColorRulesDropout.swift; sourceTree = "<group>"; };
		FAA30F8926A7E25100F1F3E7 /* HelloShape.swift */ = {isa = PBXFileReference; lastKnownFileType = sourcecode.swift; path = HelloShape.swift; sourceTree = "<group>"; };
		FAA8FDA726ABBCC30000D195 /* AlignmentGridColor.swift */ = {isa = PBXFileReference; lastKnownFileType = sourcecode.swift; path = AlignmentGridColor.swift; sourceTree = "<group>"; };
		FAA8FDA926ABC15D0000D195 /* AlignmentGridSymbols.swift */ = {isa = PBXFileReference; lastKnownFileType = sourcecode.swift; path = AlignmentGridSymbols.swift; sourceTree = "<group>"; };
		FAAF564326B5CB6D0086D6FD /* LineModules.swift */ = {isa = PBXFileReference; lastKnownFileType = sourcecode.swift; path = LineModules.swift; sourceTree = "<group>"; };
		FAAF564926B63C150086D6FD /* DiamondModules.swift */ = {isa = PBXFileReference; lastKnownFileType = sourcecode.swift; path = DiamondModules.swift; sourceTree = "<group>"; };
		FAAF56A126B70F3F0086D6FD /* CorridorModules.swift */ = {isa = PBXFileReference; lastKnownFileType = sourcecode.swift; path = CorridorModules.swift; sourceTree = "<group>"; };
		FAAF574A26B7242000927D76 /* LinesFromCamera.swift */ = {isa = PBXFileReference; lastKnownFileType = sourcecode.swift; path = LinesFromCamera.swift; sourceTree = "<group>"; };
		FAB0987226BE450E00A06983 /* DarkeningCircles.swift */ = {isa = PBXFileReference; lastKnownFileType = sourcecode.swift; path = DarkeningCircles.swift; sourceTree = "<group>"; };
		FAB25CC126B3B44C00314CAD /* Sketch.swift */ = {isa = PBXFileReference; lastKnownFileType = sourcecode.swift; path = Sketch.swift; sourceTree = "<group>"; };
		FAB25CC326B3B47900314CAD /* NatureOfCodeMenu.swift */ = {isa = PBXFileReference; lastKnownFileType = sourcecode.swift; path = NatureOfCodeMenu.swift; sourceTree = "<group>"; };
		FAE3D88C269D3CD500170749 /* ColorPaletteInterpolation.swift */ = {isa = PBXFileReference; lastKnownFileType = sourcecode.swift; path = ColorPaletteInterpolation.swift; sourceTree = "<group>"; };
		FAEC623526B33A7700A40023 /* ComplexModules.swift */ = {isa = PBXFileReference; lastKnownFileType = sourcecode.swift; path = ComplexModules.swift; sourceTree = "<group>"; };
/* End PBXFileReference section */

/* Begin PBXFrameworksBuildPhase section */
		FA0F140126941B0400B962E5 /* Frameworks */ = {
			isa = PBXFrameworksBuildPhase;
			buildActionMask = 2147483647;
			files = (
			);
			runOnlyForDeploymentPostprocessing = 0;
		};
/* End PBXFrameworksBuildPhase section */

/* Begin PBXGroup section */
		FA0F13FB26941B0400B962E5 = {
			isa = PBXGroup;
			children = (
				FA0F140626941B0400B962E5 /* GenerativeArt */,
				FA0F140526941B0400B962E5 /* Products */,
			);
			sourceTree = "<group>";
		};
		FA0F140526941B0400B962E5 /* Products */ = {
			isa = PBXGroup;
			children = (
				FA0F140426941B0400B962E5 /* GenerativeArt.app */,
			);
			name = Products;
			sourceTree = "<group>";
		};
		FA0F140626941B0400B962E5 /* GenerativeArt */ = {
			isa = PBXGroup;
			children = (
				FA3920CF26AFAD11004157B6 /* Utilities */,
				FA68490D26A5D87F00EA8A0F /* GenerativeArt.entitlements */,
				FA64F0A226A27B61007D3D31 /* Info.plist */,
				FA8C860C269BE5D70008AFB1 /* Extensions.swift */,
				FA4494A72694D00800892772 /* Shared Views */,
				FA4494A02694CF4F00892772 /* My Sketches */,
				FA44949F2694CD8500892772 /* Generative Design Book */,
				FAB25CC026B3B40800314CAD /* Nature of Code Book */,
				FA0F140726941B0400B962E5 /* GenerativeArtApp.swift */,
				FA4494A32694CF9300892772 /* MainMenu.swift */,
				FA0F140B26941B0500B962E5 /* Assets.xcassets */,
				FA0F140D26941B0500B962E5 /* Preview Content */,
			);
			path = GenerativeArt;
			sourceTree = "<group>";
		};
		FA0F140D26941B0500B962E5 /* Preview Content */ = {
			isa = PBXGroup;
			children = (
				FA0F140E26941B0500B962E5 /* Preview Assets.xcassets */,
			);
			path = "Preview Content";
			sourceTree = "<group>";
		};
		FA0F141926941B7200B962E5 /* July 2021 */ = {
			isa = PBXGroup;
			children = (
				FA0F141726941B6B00B962E5 /* AcrossShapes.swift */,
				FA0F141A269421DE00B962E5 /* AcrossComplementaryShapes.swift */,
				FA0F141C26942BF100B962E5 /* PerlinAcrossShapes.swift */,
				FA64F0A026A26248007D3D31 /* ColorFromCamera.swift */,
				FA28CB5326A4AEC2000E1E63 /* AnimatedAcrossShapes.swift */,
				FA3FF8EE26ADDF4D007336D5 /* RotatingGrid.swift */,
			);
			path = "July 2021";
			sourceTree = "<group>";
		};
		FA3920CF26AFAD11004157B6 /* Utilities */ = {
			isa = PBXGroup;
			children = (
				FA3920D026AFAD21004157B6 /* ArbitraryRandomNumberGenerator.swift */,
				FAB25CC126B3B44C00314CAD /* Sketch.swift */,
				FA456C1426BC620F0063DD6B /* CameraController.swift */,
			);
			path = Utilities;
			sourceTree = "<group>";
		};
		FA44949F2694CD8500892772 /* Generative Design Book */ = {
			isa = PBXGroup;
			children = (
				FA4494A52694CFFE00892772 /* GenerativeDesignBookMenu.swift */,
				FA8C860E269BE80F0008AFB1 /* Color */,
				FAA30F8826A7E1CB00F1F3E7 /* Shape */,
			);
			path = "Generative Design Book";
			sourceTree = "<group>";
		};
		FA4494A02694CF4F00892772 /* My Sketches */ = {
			isa = PBXGroup;
			children = (
				FA0F141526941B1400B962E5 /* MySketchesMenu.swift */,
				FA0F141926941B7200B962E5 /* July 2021 */,
				FA456C1326BC614D0063DD6B /* August 2021 */,
			);
			path = "My Sketches";
			sourceTree = "<group>";
		};
		FA4494A72694D00800892772 /* Shared Views */ = {
			isa = PBXGroup;
			children = (
				FA4494A82694D01800892772 /* MenuItem.swift */,
			);
			path = "Shared Views";
			sourceTree = "<group>";
		};
		FA456C1326BC614D0063DD6B /* August 2021 */ = {
			isa = PBXGroup;
			children = (
				FAAF574A26B7242000927D76 /* LinesFromCamera.swift */,
			);
			path = "August 2021";
			sourceTree = "<group>";
		};
		FA8C860E269BE80F0008AFB1 /* Color */ = {
			isa = PBXGroup;
			children = (
				FA8C8608269BCA260008AFB1 /* HelloColor.swift */,
				FA8C860A269BD5030008AFB1 /* ColorSpectrumGrid.swift */,
				FA8C860F269BE8430008AFB1 /* ColorSpectrumCircle.swift */,
				FAE3D88C269D3CD500170749 /* ColorPaletteInterpolation.swift */,
				FA1C1D68269EA822002BF120 /* RGBInterpolation.swift */,
				FA64F09E26A251BB007D3D31 /* ColorFromImages.swift */,
				FA68490B26A5197400EA8A0F /* ColorRules.swift */,
				FA76C33A26A699E800068735 /* ColorRulesTransparent.swift */,
				FAA30F8626A7CCC200F1F3E7 /* ColorRulesDropout.swift */,
			);
			path = Color;
			sourceTree = "<group>";
		};
		FAA30F8826A7E1CB00F1F3E7 /* Shape */ = {
			isa = PBXGroup;
			children = (
				FAA30F8926A7E25100F1F3E7 /* HelloShape.swift */,
				FA3BD5D926AB17160050DA92 /* AlignmentGrid.swift */,
				FAA8FDA726ABBCC30000D195 /* AlignmentGridColor.swift */,
				FAA8FDA926ABC15D0000D195 /* AlignmentGridSymbols.swift */,
				FA3920C326AF4F5C004157B6 /* MovementGrid.swift */,
				FA3920CD26AFA3F4004157B6 /* MovementGridUnder.swift */,
				FA6A610026B10D21001D1493 /* RadGrid.swift */,
				FA7A4E4026B2847200833D83 /* Quadrilaterals.swift */,
				FAEC623526B33A7700A40023 /* ComplexModules.swift */,
				FAAF564326B5CB6D0086D6FD /* LineModules.swift */,
				FAAF564926B63C150086D6FD /* DiamondModules.swift */,
				FAAF56A126B70F3F0086D6FD /* CorridorModules.swift */,
				FAB0987226BE450E00A06983 /* DarkeningCircles.swift */,
				FA28466026C0219D00B39336 /* RotatingRects.swift */,
			);
			path = Shape;
			sourceTree = "<group>";
		};
		FAB25CC026B3B40800314CAD /* Nature of Code Book */ = {
			isa = PBXGroup;
			children = (
				FAB25CC326B3B47900314CAD /* NatureOfCodeMenu.swift */,
			);
			path = "Nature of Code Book";
			sourceTree = "<group>";
		};
/* End PBXGroup section */

/* Begin PBXNativeTarget section */
		FA0F140326941B0400B962E5 /* GenerativeArt */ = {
			isa = PBXNativeTarget;
			buildConfigurationList = FA0F141226941B0500B962E5 /* Build configuration list for PBXNativeTarget "GenerativeArt" */;
			buildPhases = (
				FA0F140026941B0400B962E5 /* Sources */,
				FA0F140126941B0400B962E5 /* Frameworks */,
				FA0F140226941B0400B962E5 /* Resources */,
			);
			buildRules = (
			);
			dependencies = (
			);
			name = GenerativeArt;
			productName = GenerativeArt;
			productReference = FA0F140426941B0400B962E5 /* GenerativeArt.app */;
			productType = "com.apple.product-type.application";
		};
/* End PBXNativeTarget section */

/* Begin PBXProject section */
		FA0F13FC26941B0400B962E5 /* Project object */ = {
			isa = PBXProject;
			attributes = {
				BuildIndependentTargetsInParallel = 1;
				LastSwiftUpdateCheck = 1300;
				LastUpgradeCheck = 1300;
				TargetAttributes = {
					FA0F140326941B0400B962E5 = {
						CreatedOnToolsVersion = 13.0;
					};
				};
			};
			buildConfigurationList = FA0F13FF26941B0400B962E5 /* Build configuration list for PBXProject "GenerativeArt" */;
			compatibilityVersion = "Xcode 13.0";
			developmentRegion = en;
			hasScannedForEncodings = 0;
			knownRegions = (
				en,
				Base,
			);
			mainGroup = FA0F13FB26941B0400B962E5;
			productRefGroup = FA0F140526941B0400B962E5 /* Products */;
			projectDirPath = "";
			projectRoot = "";
			targets = (
				FA0F140326941B0400B962E5 /* GenerativeArt */,
			);
		};
/* End PBXProject section */

/* Begin PBXResourcesBuildPhase section */
		FA0F140226941B0400B962E5 /* Resources */ = {
			isa = PBXResourcesBuildPhase;
			buildActionMask = 2147483647;
			files = (
				FA0F140F26941B0500B962E5 /* Preview Assets.xcassets in Resources */,
				FA0F140C26941B0500B962E5 /* Assets.xcassets in Resources */,
			);
			runOnlyForDeploymentPostprocessing = 0;
		};
/* End PBXResourcesBuildPhase section */

/* Begin PBXSourcesBuildPhase section */
		FA0F140026941B0400B962E5 /* Sources */ = {
			isa = PBXSourcesBuildPhase;
			buildActionMask = 2147483647;
			files = (
				FA8C8610269BE8430008AFB1 /* ColorSpectrumCircle.swift in Sources */,
				FA3920CE26AFA3F4004157B6 /* MovementGridUnder.swift in Sources */,
				FA0F141626941B1400B962E5 /* MySketchesMenu.swift in Sources */,
				FA4494A42694CF9300892772 /* MainMenu.swift in Sources */,
				FAB0987326BE450F00A06983 /* DarkeningCircles.swift in Sources */,
				FA8C8609269BCA260008AFB1 /* HelloColor.swift in Sources */,
				FAAF564426B5CB6D0086D6FD /* LineModules.swift in Sources */,
				FA0F141D26942BF100B962E5 /* PerlinAcrossShapes.swift in Sources */,
				FA68490C26A5197400EA8A0F /* ColorRules.swift in Sources */,
				FA64F09F26A251BC007D3D31 /* ColorFromImages.swift in Sources */,
				FA76C33B26A699E800068735 /* ColorRulesTransparent.swift in Sources */,
				FAB25CC226B3B44C00314CAD /* Sketch.swift in Sources */,
				FAEC623626B33A7700A40023 /* ComplexModules.swift in Sources */,
				FA3920C426AF4F5C004157B6 /* MovementGrid.swift in Sources */,
				FA3FF8EF26ADDF4D007336D5 /* RotatingGrid.swift in Sources */,
				FA28466126C0219D00B39336 /* RotatingRects.swift in Sources */,
				FA8C860B269BD5030008AFB1 /* ColorSpectrumGrid.swift in Sources */,
				FAA30F8726A7CCC200F1F3E7 /* ColorRulesDropout.swift in Sources */,
				FA456C1526BC620F0063DD6B /* CameraController.swift in Sources */,
				FA1C1D69269EA822002BF120 /* RGBInterpolation.swift in Sources */,
				FAAF574B26B7242000927D76 /* LinesFromCamera.swift in Sources */,
				FAB25CC426B3B47900314CAD /* NatureOfCodeMenu.swift in Sources */,
				FA0F141B269421DE00B962E5 /* AcrossComplementaryShapes.swift in Sources */,
				FA0F140826941B0400B962E5 /* GenerativeArtApp.swift in Sources */,
				FA4494A92694D01800892772 /* MenuItem.swift in Sources */,
				FA0F141826941B6B00B962E5 /* AcrossShapes.swift in Sources */,
				FA3BD5DA26AB17160050DA92 /* AlignmentGrid.swift in Sources */,
				FA64F0A126A26248007D3D31 /* ColorFromCamera.swift in Sources */,
				FA6A610126B10D21001D1493 /* RadGrid.swift in Sources */,
				FAE3D88D269D3CD500170749 /* ColorPaletteInterpolation.swift in Sources */,
				FAA30F8A26A7E25100F1F3E7 /* HelloShape.swift in Sources */,
				FAA8FDAA26ABC15D0000D195 /* AlignmentGridSymbols.swift in Sources */,
				FAAF564A26B63C150086D6FD /* DiamondModules.swift in Sources */,
				FAAF56A226B70F3F0086D6FD /* CorridorModules.swift in Sources */,
				FA8C860D269BE5D70008AFB1 /* Extensions.swift in Sources */,
				FA3920D126AFAD21004157B6 /* ArbitraryRandomNumberGenerator.swift in Sources */,
				FA28CB5426A4AEC2000E1E63 /* AnimatedAcrossShapes.swift in Sources */,
				FA4494A62694CFFE00892772 /* GenerativeDesignBookMenu.swift in Sources */,
				FAA8FDA826ABBCC30000D195 /* AlignmentGridColor.swift in Sources */,
				FA7A4E4126B2847200833D83 /* Quadrilaterals.swift in Sources */,
			);
			runOnlyForDeploymentPostprocessing = 0;
		};
/* End PBXSourcesBuildPhase section */

/* Begin XCBuildConfiguration section */
		FA0F141026941B0500B962E5 /* Debug */ = {
			isa = XCBuildConfiguration;
			buildSettings = {
				ALWAYS_SEARCH_USER_PATHS = NO;
				CLANG_ANALYZER_NONNULL = YES;
				CLANG_ANALYZER_NUMBER_OBJECT_CONVERSION = YES_AGGRESSIVE;
				CLANG_CXX_LANGUAGE_STANDARD = "gnu++14";
				CLANG_CXX_LIBRARY = "libc++";
				CLANG_ENABLE_MODULES = YES;
				CLANG_ENABLE_OBJC_ARC = YES;
				CLANG_ENABLE_OBJC_WEAK = YES;
				CLANG_WARN_BLOCK_CAPTURE_AUTORELEASING = YES;
				CLANG_WARN_BOOL_CONVERSION = YES;
				CLANG_WARN_COMMA = YES;
				CLANG_WARN_CONSTANT_CONVERSION = YES;
				CLANG_WARN_DEPRECATED_OBJC_IMPLEMENTATIONS = YES;
				CLANG_WARN_DIRECT_OBJC_ISA_USAGE = YES_ERROR;
				CLANG_WARN_DOCUMENTATION_COMMENTS = YES;
				CLANG_WARN_EMPTY_BODY = YES;
				CLANG_WARN_ENUM_CONVERSION = YES;
				CLANG_WARN_INFINITE_RECURSION = YES;
				CLANG_WARN_INT_CONVERSION = YES;
				CLANG_WARN_NON_LITERAL_NULL_CONVERSION = YES;
				CLANG_WARN_OBJC_IMPLICIT_RETAIN_SELF = YES;
				CLANG_WARN_OBJC_LITERAL_CONVERSION = YES;
				CLANG_WARN_OBJC_ROOT_CLASS = YES_ERROR;
				CLANG_WARN_QUOTED_INCLUDE_IN_FRAMEWORK_HEADER = YES;
				CLANG_WARN_RANGE_LOOP_ANALYSIS = YES;
				CLANG_WARN_STRICT_PROTOTYPES = YES;
				CLANG_WARN_SUSPICIOUS_MOVE = YES;
				CLANG_WARN_UNGUARDED_AVAILABILITY = YES_AGGRESSIVE;
				CLANG_WARN_UNREACHABLE_CODE = YES;
				CLANG_WARN__DUPLICATE_METHOD_MATCH = YES;
				COPY_PHASE_STRIP = NO;
				DEBUG_INFORMATION_FORMAT = dwarf;
				ENABLE_STRICT_OBJC_MSGSEND = YES;
				ENABLE_TESTABILITY = YES;
				GCC_C_LANGUAGE_STANDARD = gnu11;
				GCC_DYNAMIC_NO_PIC = NO;
				GCC_NO_COMMON_BLOCKS = YES;
				GCC_OPTIMIZATION_LEVEL = 0;
				GCC_PREPROCESSOR_DEFINITIONS = (
					"DEBUG=1",
					"$(inherited)",
				);
				GCC_WARN_64_TO_32_BIT_CONVERSION = YES;
				GCC_WARN_ABOUT_RETURN_TYPE = YES_ERROR;
				GCC_WARN_UNDECLARED_SELECTOR = YES;
				GCC_WARN_UNINITIALIZED_AUTOS = YES_AGGRESSIVE;
				GCC_WARN_UNUSED_FUNCTION = YES;
				GCC_WARN_UNUSED_VARIABLE = YES;
				IPHONEOS_DEPLOYMENT_TARGET = 15.0;
				MTL_ENABLE_DEBUG_INFO = INCLUDE_SOURCE;
				MTL_FAST_MATH = YES;
				ONLY_ACTIVE_ARCH = YES;
				SDKROOT = iphoneos;
				SWIFT_ACTIVE_COMPILATION_CONDITIONS = DEBUG;
				SWIFT_OPTIMIZATION_LEVEL = "-Onone";
			};
			name = Debug;
		};
		FA0F141126941B0500B962E5 /* Release */ = {
			isa = XCBuildConfiguration;
			buildSettings = {
				ALWAYS_SEARCH_USER_PATHS = NO;
				CLANG_ANALYZER_NONNULL = YES;
				CLANG_ANALYZER_NUMBER_OBJECT_CONVERSION = YES_AGGRESSIVE;
				CLANG_CXX_LANGUAGE_STANDARD = "gnu++14";
				CLANG_CXX_LIBRARY = "libc++";
				CLANG_ENABLE_MODULES = YES;
				CLANG_ENABLE_OBJC_ARC = YES;
				CLANG_ENABLE_OBJC_WEAK = YES;
				CLANG_WARN_BLOCK_CAPTURE_AUTORELEASING = YES;
				CLANG_WARN_BOOL_CONVERSION = YES;
				CLANG_WARN_COMMA = YES;
				CLANG_WARN_CONSTANT_CONVERSION = YES;
				CLANG_WARN_DEPRECATED_OBJC_IMPLEMENTATIONS = YES;
				CLANG_WARN_DIRECT_OBJC_ISA_USAGE = YES_ERROR;
				CLANG_WARN_DOCUMENTATION_COMMENTS = YES;
				CLANG_WARN_EMPTY_BODY = YES;
				CLANG_WARN_ENUM_CONVERSION = YES;
				CLANG_WARN_INFINITE_RECURSION = YES;
				CLANG_WARN_INT_CONVERSION = YES;
				CLANG_WARN_NON_LITERAL_NULL_CONVERSION = YES;
				CLANG_WARN_OBJC_IMPLICIT_RETAIN_SELF = YES;
				CLANG_WARN_OBJC_LITERAL_CONVERSION = YES;
				CLANG_WARN_OBJC_ROOT_CLASS = YES_ERROR;
				CLANG_WARN_QUOTED_INCLUDE_IN_FRAMEWORK_HEADER = YES;
				CLANG_WARN_RANGE_LOOP_ANALYSIS = YES;
				CLANG_WARN_STRICT_PROTOTYPES = YES;
				CLANG_WARN_SUSPICIOUS_MOVE = YES;
				CLANG_WARN_UNGUARDED_AVAILABILITY = YES_AGGRESSIVE;
				CLANG_WARN_UNREACHABLE_CODE = YES;
				CLANG_WARN__DUPLICATE_METHOD_MATCH = YES;
				COPY_PHASE_STRIP = NO;
				DEBUG_INFORMATION_FORMAT = "dwarf-with-dsym";
				ENABLE_NS_ASSERTIONS = NO;
				ENABLE_STRICT_OBJC_MSGSEND = YES;
				GCC_C_LANGUAGE_STANDARD = gnu11;
				GCC_NO_COMMON_BLOCKS = YES;
				GCC_WARN_64_TO_32_BIT_CONVERSION = YES;
				GCC_WARN_ABOUT_RETURN_TYPE = YES_ERROR;
				GCC_WARN_UNDECLARED_SELECTOR = YES;
				GCC_WARN_UNINITIALIZED_AUTOS = YES_AGGRESSIVE;
				GCC_WARN_UNUSED_FUNCTION = YES;
				GCC_WARN_UNUSED_VARIABLE = YES;
				IPHONEOS_DEPLOYMENT_TARGET = 15.0;
				MTL_ENABLE_DEBUG_INFO = NO;
				MTL_FAST_MATH = YES;
				SDKROOT = iphoneos;
				SWIFT_COMPILATION_MODE = wholemodule;
				SWIFT_OPTIMIZATION_LEVEL = "-O";
				VALIDATE_PRODUCT = YES;
			};
			name = Release;
		};
		FA0F141326941B0500B962E5 /* Debug */ = {
			isa = XCBuildConfiguration;
			buildSettings = {
				ASSETCATALOG_COMPILER_APPICON_NAME = AppIcon;
				ASSETCATALOG_COMPILER_GLOBAL_ACCENT_COLOR_NAME = AccentColor;
				CODE_SIGN_ENTITLEMENTS = GenerativeArt/GenerativeArt.entitlements;
				CODE_SIGN_STYLE = Automatic;
				CURRENT_PROJECT_VERSION = 1;
				DEVELOPMENT_ASSET_PATHS = "\"GenerativeArt/Preview Content\"";
				DEVELOPMENT_TEAM = N2YEKRS9JS;
				ENABLE_PREVIEWS = YES;
				GENERATE_INFOPLIST_FILE = YES;
				INFOPLIST_FILE = GenerativeArt/Info.plist;
				INFOPLIST_KEY_NSCameraUsageDescription = "Camera art!";
				INFOPLIST_KEY_UIApplicationSceneManifest_Generation = YES;
				INFOPLIST_KEY_UIApplicationSupportsIndirectInputEvents = YES;
				INFOPLIST_KEY_UILaunchScreen_Generation = YES;
				INFOPLIST_KEY_UISupportedInterfaceOrientations_iPad = "UIInterfaceOrientationPortrait UIInterfaceOrientationPortraitUpsideDown UIInterfaceOrientationLandscapeLeft UIInterfaceOrientationLandscapeRight";
				INFOPLIST_KEY_UISupportedInterfaceOrientations_iPhone = "UIInterfaceOrientationPortrait UIInterfaceOrientationLandscapeLeft UIInterfaceOrientationLandscapeRight";
				IPHONEOS_DEPLOYMENT_TARGET = 15.0;
				LD_RUNPATH_SEARCH_PATHS = (
					"$(inherited)",
					"@executable_path/Frameworks",
				);
				MARKETING_VERSION = 1.0;
				PRODUCT_BUNDLE_IDENTIFIER = com.meatfreezer.GenerativeArt;
				PRODUCT_NAME = "$(TARGET_NAME)";
				SUPPORTS_MACCATALYST = YES;
				SWIFT_EMIT_LOC_STRINGS = YES;
				SWIFT_VERSION = 5.0;
				TARGETED_DEVICE_FAMILY = "1,2";
			};
			name = Debug;
		};
		FA0F141426941B0500B962E5 /* Release */ = {
			isa = XCBuildConfiguration;
			buildSettings = {
				ASSETCATALOG_COMPILER_APPICON_NAME = AppIcon;
				ASSETCATALOG_COMPILER_GLOBAL_ACCENT_COLOR_NAME = AccentColor;
				CODE_SIGN_ENTITLEMENTS = GenerativeArt/GenerativeArt.entitlements;
				CODE_SIGN_STYLE = Automatic;
				CURRENT_PROJECT_VERSION = 1;
				DEVELOPMENT_ASSET_PATHS = "\"GenerativeArt/Preview Content\"";
				DEVELOPMENT_TEAM = N2YEKRS9JS;
				ENABLE_PREVIEWS = YES;
				GENERATE_INFOPLIST_FILE = YES;
				INFOPLIST_FILE = GenerativeArt/Info.plist;
				INFOPLIST_KEY_NSCameraUsageDescription = "Camera art!";
				INFOPLIST_KEY_UIApplicationSceneManifest_Generation = YES;
				INFOPLIST_KEY_UIApplicationSupportsIndirectInputEvents = YES;
				INFOPLIST_KEY_UILaunchScreen_Generation = YES;
				INFOPLIST_KEY_UISupportedInterfaceOrientations_iPad = "UIInterfaceOrientationPortrait UIInterfaceOrientationPortraitUpsideDown UIInterfaceOrientationLandscapeLeft UIInterfaceOrientationLandscapeRight";
				INFOPLIST_KEY_UISupportedInterfaceOrientations_iPhone = "UIInterfaceOrientationPortrait UIInterfaceOrientationLandscapeLeft UIInterfaceOrientationLandscapeRight";
				IPHONEOS_DEPLOYMENT_TARGET = 15.0;
				LD_RUNPATH_SEARCH_PATHS = (
					"$(inherited)",
					"@executable_path/Frameworks",
				);
				MARKETING_VERSION = 1.0;
				PRODUCT_BUNDLE_IDENTIFIER = com.meatfreezer.GenerativeArt;
				PRODUCT_NAME = "$(TARGET_NAME)";
				SUPPORTS_MACCATALYST = YES;
				SWIFT_EMIT_LOC_STRINGS = YES;
				SWIFT_VERSION = 5.0;
				TARGETED_DEVICE_FAMILY = "1,2";
			};
			name = Release;
		};
/* End XCBuildConfiguration section */

/* Begin XCConfigurationList section */
		FA0F13FF26941B0400B962E5 /* Build configuration list for PBXProject "GenerativeArt" */ = {
			isa = XCConfigurationList;
			buildConfigurations = (
				FA0F141026941B0500B962E5 /* Debug */,
				FA0F141126941B0500B962E5 /* Release */,
			);
			defaultConfigurationIsVisible = 0;
			defaultConfigurationName = Release;
		};
		FA0F141226941B0500B962E5 /* Build configuration list for PBXNativeTarget "GenerativeArt" */ = {
			isa = XCConfigurationList;
			buildConfigurations = (
				FA0F141326941B0500B962E5 /* Debug */,
				FA0F141426941B0500B962E5 /* Release */,
			);
			defaultConfigurationIsVisible = 0;
			defaultConfigurationName = Release;
		};
/* End XCConfigurationList section */
	};
	rootObject = FA0F13FC26941B0400B962E5 /* Project object */;
}
